# generated by rye
# use `rye lock` or `rye sync` to update this lockfile
#
# last locked with the following flags:
#   pre: false
#   features: []
#   all-features: false
#   with-sources: false
#   generate-hashes: false
#   universal: false

-e file:.
aiohappyeyeballs==2.4.4
    # via aiohttp
aiohttp==3.11.11
    # via yacron
aiosignal==1.3.2
    # via aiohttp
aiosmtpd==1.4.6
    # via simplelogin
aiosmtplib==3.0.2
    # via yacron
aiospamc==0.10.0
    # via simplelogin
alembic==1.14.0
    # via flask-migrate
appnope==0.1.4
    # via ipython
arrow==0.16.0
    # via simplelogin
astroid==2.11.7
    # via pylint
async-timeout==5.0.1
    # via aiohttp
    # via redis
atpublic==5.0
    # via aiosmtpd
attrs==24.3.0
    # via aiohttp
    # via aiosmtpd
    # via flanker
    # via pytest
backcall==0.2.0
    # via ipython
bcrypt==3.2.2
    # via simplelogin
black==22.1.0
blinker==1.9.0
    # via flask-debugtoolbar
    # via simplelogin
boto3==1.36.0
    # via simplelogin
    # via watchtower
botocore==1.36.0
    # via boto3
    # via s3transfer
cachetools==5.5.0
    # via google-auth
cbor2==5.6.5
    # via webauthn
certifi==2024.12.14
    # via aiospamc
    # via requests
    # via sentry-sdk
cffi==1.17.1
    # via bcrypt
    # via cryptography
cfgv==3.4.0
    # via pre-commit
chardet==4.0.0
    # via flanker
    # via requests
click==8.1.8
    # via black
    # via djlint
    # via flask
    # via typer
coinbase-commerce==1.0.1
    # via simplelogin
colorama==0.4.6
    # via djlint
coloredlogs==14.3
    # via simplelogin
coverage==7.6.10
    # via pytest-cov
crontab==0.22.8
    # via yacron
cryptography==37.0.4
    # via flanker
    # via jwcrypto
    # via pgpy
    # via pyopenssl
    # via simplelogin
    # via webauthn
decorator==5.1.1
    # via ipython
deprecated==1.2.15
    # via jwcrypto
    # via limits
    # via simplelogin
dill==0.3.9
    # via pylint
distlib==0.3.9
    # via virtualenv
djlint==1.3.0
dkimpy==1.0.6
    # via simplelogin
dnspython==2.6.1
    # via dkimpy
    # via email-validator
    # via simplelogin
email-validator==1.1.3
    # via simplelogin
facebook-sdk==3.1.0
    # via simplelogin
filelock==3.16.1
    # via tldextract
    # via virtualenv
flanker==0.9.11
    # via simplelogin
flask==1.1.2
    # via flask-admin
    # via flask-cors
    # via flask-debugtoolbar
    # via flask-httpauth
    # via flask-limiter
    # via flask-login
    # via flask-migrate
    # via flask-profiler
    # via flask-sqlalchemy
    # via flask-wtf
    # via simplelogin
flask-admin==1.5.8
    # via simplelogin
flask-cors==3.0.10
    # via simplelogin
flask-debugtoolbar==0.11.0
    # via flask-debugtoolbar-sqlalchemy
    # via simplelogin
flask-debugtoolbar-sqlalchemy==0.2.0
    # via simplelogin
flask-httpauth==4.8.0
    # via flask-profiler
flask-limiter==1.4
    # via simplelogin
flask-login==0.5.0
    # via simplelogin
flask-migrate==2.5.3
    # via simplelogin
flask-profiler==1.8.1
    # via simplelogin
flask-sqlalchemy==2.5.1
    # via flask-migrate
flask-wtf==0.14.3
    # via simplelogin
frozenlist==1.5.0
    # via aiohttp
    # via aiosignal
future==1.0.0
    # via webauthn
gevent==24.11.1
    # via simplelogin
google-api-core==2.24.0
    # via google-api-python-client
google-api-python-client==1.12.11
    # via simplelogin
google-auth==2.37.0
    # via google-api-core
    # via google-api-python-client
    # via google-auth-httplib2
google-auth-httplib2==0.0.4
    # via google-api-python-client
    # via simplelogin
googleapis-common-protos==1.66.0
    # via google-api-core
greenlet==3.1.1
    # via gevent
gunicorn==20.0.4
    # via simplelogin
html-tag-names==0.1.2
    # via djlint
html-void-elements==0.1.0
    # via djlint
httplib2==0.22.0
    # via google-api-python-client
    # via google-auth-httplib2
humanfriendly==10.0
    # via coloredlogs
identify==2.6.5
    # via pre-commit
idna==2.10
    # via email-validator
    # via flanker
    # via requests
    # via tldextract
    # via yarl
importlib-metadata==4.13.0
    # via djlint
iniconfig==2.0.0
    # via pytest
ipython==7.31.1
    # via simplelogin
isort==5.13.2
    # via pylint
itsdangerous==1.1.0
    # via flask
    # via flask-debugtoolbar
    # via flask-wtf
    # via simplelogin
jedi==0.19.2
    # via ipython
jinja2==2.11.3
    # via flask
    # via yacron
jmespath==1.0.1
    # via boto3
    # via botocore
jwcrypto==0.9.1
    # via simplelogin
lazy-object-proxy==1.10.0
    # via astroid
limits==4.0.0
    # via flask-limiter
loguru==0.7.3
    # via aiospamc
mako==1.3.8
    # via alembic
markupsafe==1.1.1
    # via jinja2
    # via mako
    # via simplelogin
    # via wtforms
matplotlib-inline==0.1.7
    # via ipython
mccabe==0.7.0
    # via pylint
memory-profiler==0.57.0
    # via simplelogin
multidict==6.1.0
    # via aiohttp
    # via yarl
mypy-extensions==1.0.0
    # via black
newrelic==8.8.1
    # via simplelogin
newrelic-telemetry-sdk==0.5.1
    # via simplelogin
nodeenv==1.9.1
    # via pre-commit
oauthlib==3.2.2
    # via requests-oauthlib
packaging==24.2
    # via limits
    # via pytest
parso==0.8.4
    # via jedi
pathspec==0.9.0
    # via black
    # via djlint
pexpect==4.9.0
    # via ipython
pgpy==0.5.4
    # via simplelogin
phpserialize==1.3
    # via simplelogin
pickleshare==0.7.5
    # via ipython
platformdirs==4.3.6
    # via black
    # via pylint
    # via virtualenv
pluggy==1.5.0
    # via pytest
ply==3.11
    # via flanker
pre-commit==2.17.0
prompt-toolkit==3.0.48
    # via ipython
propcache==0.2.1
    # via aiohttp
    # via yarl
proto-plus==1.25.0
    # via google-api-core
protobuf==5.29.3
    # via google-api-core
    # via googleapis-common-protos
    # via proto-plus
psutil==6.1.1
    # via memory-profiler
psycopg2-binary==2.9.10
    # via simplelogin
ptyprocess==0.7.0
    # via pexpect
py==1.11.0
    # via pytest
pyasn1==0.6.1
    # via pgpy
    # via pyasn1-modules
    # via rsa
pyasn1-modules==0.4.1
    # via google-auth
pycparser==2.22
    # via cffi
pycryptodome==3.9.9
    # via simplelogin
pygments==2.19.1
    # via flask-debugtoolbar-sqlalchemy
    # via ipython
pyjwt==2.10.1
    # via twilio
pylint==2.14.5
pyopenssl==19.1.0
    # via simplelogin
    # via webauthn
pyotp==2.4.1
    # via simplelogin
pyparsing==3.2.1
    # via httplib2
pyre2==0.3.6
    # via simplelogin
pyspf==2.0.14
    # via simplelogin
pytest==7.0.1
    # via pytest-cov
pytest-cov==3.0.0
python-dateutil==2.9.0.post0
    # via arrow
    # via botocore
    # via strictyaml
python-dotenv==0.14.0
    # via simplelogin
python-gnupg==0.4.9
    # via simplelogin
pytz==2024.2
    # via twilio
    # via yacron
pyyaml==6.0.2
    # via djlint
    # via pre-commit
redis==4.5.5
    # via simplelogin
regex==2022.10.31
    # via djlint
    # via flanker
requests==2.25.1
    # via coinbase-commerce
    # via facebook-sdk
    # via google-api-core
    # via requests-file
    # via requests-oauthlib
    # via simplelogin
    # via tldextract
    # via twilio
requests-file==2.1.0
    # via tldextract
requests-oauthlib==1.3.1
    # via simplelogin
rsa==4.9
    # via google-auth
ruff==0.1.15
s3transfer==0.11.0
    # via boto3
sentry-sdk==2.20.0
    # via simplelogin
    # via yacron
setuptools==75.8.0
    # via astroid
    # via gunicorn
    # via ipython
    # via zope-event
    # via zope-interface
simplejson==3.19.3
    # via flask-profiler
six==1.17.0
    # via coinbase-commerce
    # via flanker
    # via flask-cors
    # via flask-limiter
    # via google-api-python-client
    # via google-auth-httplib2
    # via jwcrypto
    # via pgpy
    # via pyopenssl
    # via python-dateutil
    # via sqlalchemy-utils
    # via webauthn
sqlalchemy==1.3.24
    # via alembic
    # via flask-debugtoolbar-sqlalchemy
    # via flask-sqlalchemy
    # via simplelogin
    # via sqlalchemy-utils
sqlalchemy-utils==0.36.8
    # via simplelogin
sqlparse==0.5.3
    # via flask-debugtoolbar-sqlalchemy
strictyaml==1.7.3
    # via yacron
tld==0.13
    # via flanker
tldextract==3.1.2
    # via simplelogin
toml==0.10.2
    # via pre-commit
tomli==2.2.1
    # via black
    # via coverage
    # via djlint
    # via pylint
    # via pytest
tomlkit==0.13.2
    # via pylint
tqdm==4.67.1
    # via djlint
traitlets==5.14.3
    # via ipython
    # via matplotlib-inline
twilio==7.3.2
    # via simplelogin
typer==0.9.4
    # via aiospamc
typing-extensions==4.12.2
    # via aiospamc
    # via alembic
    # via limits
    # via multidict
    # via typer
unidecode==1.1.2
    # via simplelogin
uritemplate==3.0.1
    # via google-api-python-client
urllib3==1.26.20
    # via botocore
    # via newrelic-telemetry-sdk
    # via requests
    # via sentry-sdk
virtualenv==20.29.0
    # via pre-commit
watchtower==0.8.0
    # via simplelogin
wcwidth==0.2.13
    # via prompt-toolkit
webauthn==0.4.7
    # via simplelogin
webob==1.8.9
    # via flanker
werkzeug==1.0.1
    # via flask
    # via flask-debugtoolbar
    # via simplelogin
wrapt==1.17.2
    # via astroid
    # via deprecated
wtforms==2.3.3
    # via flask-admin
    # via flask-wtf
    # via simplelogin
yacron==0.11.2
    # via simplelogin
yarl==1.18.3
    # via aiohttp
zipp==3.21.0
    # via importlib-metadata
zope-event==5.0
    # via gevent
zope-interface==7.2
    # via gevent
