# generated by rye
# use `rye lock` or `rye sync` to update this lockfile
#
# last locked with the following flags:
#   pre: false
#   features: []
#   all-features: false
#   with-sources: false
#   generate-hashes: false
#   universal: false

-e file:.
aiohttp==3.9.5
    # via yacron
aiosignal==1.3.1
    # via aiohttp
aiosmtpd==1.4.6
    # via simplelogin
aiosmtplib==3.0.1
    # via yacron
aiospamc==0.10.0
    # via simplelogin
alembic==1.13.2
    # via flask-migrate
appnope==0.1.4
    # via ipython
arrow==0.16.0
    # via simplelogin
async-timeout==4.0.3
    # via aiohttp
    # via redis
atpublic==4.1.0
    # via aiosmtpd
attrs==23.2.0
    # via aiohttp
    # via aiosmtpd
    # via flanker
backcall==0.2.0
    # via ipython
bcrypt==3.2.2
    # via simplelogin
blinker==1.8.2
    # via flask-debugtoolbar
    # via simplelogin
boto3==1.15.18
    # via simplelogin
    # via watchtower
botocore==1.18.18
    # via boto3
    # via s3transfer
cachetools==5.4.0
    # via google-auth
cbor2==5.6.4
    # via webauthn
certifi==2024.7.4
    # via aiospamc
    # via requests
    # via sentry-sdk
cffi==1.16.0
    # via bcrypt
    # via cryptography
chardet==4.0.0
    # via flanker
    # via requests
click==7.1.2
    # via flask
    # via typer
coinbase-commerce==1.0.1
    # via simplelogin
coloredlogs==14.3
    # via simplelogin
crontab==0.22.8
    # via yacron
cryptography==37.0.4
    # via flanker
    # via jwcrypto
    # via pgpy
    # via pyopenssl
    # via simplelogin
    # via webauthn
decorator==5.1.1
    # via ipython
deprecated==1.2.14
    # via jwcrypto
    # via limits
    # via simplelogin
dkimpy==1.0.6
    # via simplelogin
dnspython==2.0.0
    # via dkimpy
    # via email-validator
    # via simplelogin
email-validator==1.1.3
    # via simplelogin
facebook-sdk==3.1.0
    # via simplelogin
filelock==3.15.4
    # via tldextract
flanker==0.9.11
    # via simplelogin
flask==1.1.4
    # via flask-admin
    # via flask-cors
    # via flask-debugtoolbar
    # via flask-httpauth
    # via flask-limiter
    # via flask-login
    # via flask-migrate
    # via flask-profiler
    # via flask-sqlalchemy
    # via flask-wtf
    # via simplelogin
flask-admin==1.5.8
    # via simplelogin
flask-cors==3.0.10
    # via simplelogin
flask-debugtoolbar==0.11.0
    # via flask-debugtoolbar-sqlalchemy
    # via simplelogin
flask-debugtoolbar-sqlalchemy==0.2.0
    # via simplelogin
flask-httpauth==4.8.0
    # via flask-profiler
flask-limiter==1.4
    # via simplelogin
flask-login==0.5.0
    # via simplelogin
flask-migrate==2.5.3
    # via simplelogin
flask-profiler==1.8.1
    # via simplelogin
flask-sqlalchemy==2.5.1
    # via flask-migrate
flask-wtf==0.14.3
    # via simplelogin
frozenlist==1.4.1
    # via aiohttp
    # via aiosignal
future==1.0.0
    # via webauthn
gevent==22.10.2
    # via simplelogin
google-api-core==2.19.1
    # via google-api-python-client
google-api-python-client==1.12.11
    # via simplelogin
google-auth==2.32.0
    # via google-api-core
    # via google-api-python-client
    # via google-auth-httplib2
google-auth-httplib2==0.0.4
    # via google-api-python-client
    # via simplelogin
googleapis-common-protos==1.63.2
    # via google-api-core
greenlet==3.0.3
    # via gevent
gunicorn==20.0.4
    # via simplelogin
httplib2==0.22.0
    # via google-api-python-client
    # via google-auth-httplib2
humanfriendly==10.0
    # via coloredlogs
idna==2.10
    # via email-validator
    # via flanker
    # via requests
    # via tldextract
    # via yarl
importlib-resources==6.4.0
    # via limits
ipython==7.31.1
    # via simplelogin
itsdangerous==1.1.0
    # via flask
    # via flask-debugtoolbar
    # via flask-wtf
jedi==0.19.1
    # via ipython
jinja2==2.11.3
    # via flask
    # via yacron
jmespath==0.10.0
    # via boto3
    # via botocore
jwcrypto==0.9.1
    # via simplelogin
limits==3.13.0
    # via flask-limiter
loguru==0.7.2
    # via aiospamc
mako==1.3.5
    # via alembic
markupsafe==1.1.1
    # via jinja2
    # via mako
    # via simplelogin
    # via wtforms
matplotlib-inline==0.1.7
    # via ipython
memory-profiler==0.57.0
    # via simplelogin
multidict==6.0.5
    # via aiohttp
    # via yarl
newrelic==8.8.1
    # via simplelogin
newrelic-telemetry-sdk==0.5.1
    # via simplelogin
oauthlib==3.2.2
    # via requests-oauthlib
packaging==24.1
    # via limits
parso==0.8.4
    # via jedi
pexpect==4.9.0
    # via ipython
pgpy==0.5.4
    # via simplelogin
phpserialize==1.3
    # via simplelogin
pickleshare==0.7.5
    # via ipython
ply==3.11
    # via flanker
prompt-toolkit==3.0.47
    # via ipython
proto-plus==1.24.0
    # via google-api-core
protobuf==5.27.2
    # via google-api-core
    # via googleapis-common-protos
    # via proto-plus
psutil==6.0.0
    # via memory-profiler
psycopg2-binary==2.9.9
    # via simplelogin
ptyprocess==0.7.0
    # via pexpect
pyasn1==0.6.0
    # via pgpy
    # via pyasn1-modules
    # via rsa
pyasn1-modules==0.4.0
    # via google-auth
pycparser==2.22
    # via cffi
pycryptodome==3.9.9
    # via simplelogin
pygments==2.18.0
    # via flask-debugtoolbar-sqlalchemy
    # via ipython
pyjwt==2.8.0
    # via twilio
pyopenssl==19.1.0
    # via simplelogin
    # via webauthn
pyotp==2.4.1
    # via simplelogin
pyparsing==3.1.2
    # via httplib2
pyre2==0.3.6
    # via simplelogin
pyspf==2.0.14
    # via simplelogin
python-dateutil==2.9.0.post0
    # via arrow
    # via botocore
    # via strictyaml
python-dotenv==0.14.0
    # via simplelogin
python-gnupg==0.4.9
    # via simplelogin
pytz==2024.1
    # via twilio
    # via yacron
redis==5.0.7
    # via simplelogin
regex==2024.7.24
    # via flanker
requests==2.25.1
    # via coinbase-commerce
    # via facebook-sdk
    # via google-api-core
    # via requests-file
    # via requests-oauthlib
    # via simplelogin
    # via tldextract
    # via twilio
requests-file==2.1.0
    # via tldextract
requests-oauthlib==1.3.1
    # via simplelogin
rsa==4.9
    # via google-auth
ruamel-yaml==0.17.4
    # via yacron
s3transfer==0.3.7
    # via boto3
sentry-sdk==1.5.12
    # via simplelogin
    # via yacron
setuptools==71.1.0
    # via gevent
    # via gunicorn
    # via ipython
    # via zope-event
    # via zope-interface
simplejson==3.19.2
    # via flask-profiler
six==1.16.0
    # via coinbase-commerce
    # via flanker
    # via flask-cors
    # via flask-limiter
    # via google-api-python-client
    # via google-auth-httplib2
    # via jwcrypto
    # via pgpy
    # via pyopenssl
    # via python-dateutil
    # via sqlalchemy-utils
    # via webauthn
sqlalchemy==1.3.24
    # via alembic
    # via flask-debugtoolbar-sqlalchemy
    # via flask-sqlalchemy
    # via simplelogin
    # via sqlalchemy-utils
sqlalchemy-utils==0.36.8
    # via simplelogin
sqlparse==0.5.1
    # via flask-debugtoolbar-sqlalchemy
strictyaml==1.7.3
    # via yacron
tld==0.13
    # via flanker
tldextract==3.1.2
    # via simplelogin
traitlets==5.14.3
    # via ipython
    # via matplotlib-inline
twilio==7.3.2
    # via simplelogin
typer==0.9.4
    # via aiospamc
typing-extensions==4.12.2
    # via aiospamc
    # via alembic
    # via limits
    # via typer
unidecode==1.1.2
    # via simplelogin
uritemplate==3.0.1
    # via google-api-python-client
urllib3==1.25.11
    # via botocore
    # via newrelic-telemetry-sdk
    # via requests
    # via sentry-sdk
watchtower==0.8.0
    # via simplelogin
wcwidth==0.2.13
    # via prompt-toolkit
webauthn==0.4.7
    # via simplelogin
webob==1.8.7
    # via flanker
werkzeug==1.0.1
    # via flask
    # via flask-debugtoolbar
wrapt==1.16.0
    # via deprecated
wtforms==2.3.3
    # via flask-admin
    # via flask-wtf
    # via simplelogin
yacron==0.19.0
    # via simplelogin
yarl==1.9.4
    # via aiohttp
zope-event==5.0
    # via gevent
zope-interface==6.4.post2
    # via gevent
