{
  "name": "simplelogin",
  "version": "1.0.0",
  "lockfileVersion": 1,
  "requires": true,
  "dependencies": {
    "@sentry/browser": {
      "version": "5.12.0",
      "resolved": "https://registry.npmjs.org/@sentry/browser/-/browser-5.12.0.tgz",
      "integrity": "sha512-e8uQML/1Wz2A6610yEvTdICf7L2IH15z6kcjwEqTsaD5uBCmpCiebGZABb45OSe9u8J0xccqi5G7M8lcxj1L7w==",
      "requires": {
        "@sentry/core": "5.12.0",
        "@sentry/types": "5.12.0",
        "@sentry/utils": "5.12.0",
        "tslib": "^1.9.3"
      }
    },
    "@sentry/core": {
      "version": "5.12.0",
      "resolved": "https://registry.npmjs.org/@sentry/core/-/core-5.12.0.tgz",
      "integrity": "sha512-wY4rsoX71QsGpcs9tF+OxKgDPKzIFMRvFiSRcJoPMfhFsTilQ/CBMn/c3bDtWQd9Bnr/ReQIL6NbnIjUsPHA4Q==",
      "requires": {
        "@sentry/hub": "5.12.0",
        "@sentry/minimal": "5.12.0",
        "@sentry/types": "5.12.0",
        "@sentry/utils": "5.12.0",
        "tslib": "^1.9.3"
      }
    },
    "@sentry/hub": {
      "version": "5.12.0",
      "resolved": "https://registry.npmjs.org/@sentry/hub/-/hub-5.12.0.tgz",
      "integrity": "sha512-3k7yE8BEVJsKx8mR4LcI4IN0O8pngmq44OcJ/fRUUBAPqsT38jsJdP2CaWhdlM1jiNUzUDB1ktBv6/lY+VgcoQ==",
      "requires": {
        "@sentry/types": "5.12.0",
        "@sentry/utils": "5.12.0",
        "tslib": "^1.9.3"
      }
    },
    "@sentry/minimal": {
      "version": "5.12.0",
      "resolved": "https://registry.npmjs.org/@sentry/minimal/-/minimal-5.12.0.tgz",
      "integrity": "sha512-fk73meyz4k4jCg9yzbma+WkggsfEIQWI2e2TWfYsRGcrV3RnlSrXyM4D91/A8Bjx10SNezHPUFHjasjlHXOkyA==",
      "requires": {
        "@sentry/hub": "5.12.0",
        "@sentry/types": "5.12.0",
        "tslib": "^1.9.3"
      }
    },
    "@sentry/types": {
      "version": "5.12.0",
      "resolved": "https://registry.npmjs.org/@sentry/types/-/types-5.12.0.tgz",
      "integrity": "sha512-aZbBouBLrKB8wXlztriIagZNmsB+wegk1Jkl6eprqRW/w24Sl/47tiwH8c5S4jYTxdAiJk+SAR10AAuYmIN3zg=="
    },
    "@sentry/utils": {
      "version": "5.12.0",
      "resolved": "https://registry.npmjs.org/@sentry/utils/-/utils-5.12.0.tgz",
      "integrity": "sha512-fYUadGLbfTCbs4OG5hKCOtv2jrNE4/8LHNABy9DwNJ/t5DVtGqWAZBnxsC+FG6a3nVqCpxjFI9AHlYsJ2wsf7Q==",
      "requires": {
        "@sentry/types": "5.12.0",
        "tslib": "^1.9.3"
      }
    },
    "bootbox": {
      "version": "5.4.0",
      "resolved": "https://registry.npmjs.org/bootbox/-/bootbox-5.4.0.tgz",
      "integrity": "sha512-GCPrDwZpJsUnqzrto3ZURVafypl13+DAyE3YZx5jR5EIoTDSyREPhr77hlCuPKvM6VvXR5Mh/34W3DYMC7JE9g==",
      "requires": {
        "bootstrap": "^4.4.0",
        "jquery": "^3.4.1",
        "popper.js": "^1.16.0"
      }
    },
    "bootstrap": {
      "version": "4.4.1",
      "resolved": "https://registry.npmjs.org/bootstrap/-/bootstrap-4.4.1.tgz",
      "integrity": "sha512-tbx5cHubwE6e2ZG7nqM3g/FZ5PQEDMWmMGNrCUBVRPHXTJaH7CBDdsLeu3eCh3B1tzAxTnAbtmrzvWEvT2NNEA=="
    },
    "font-awesome": {
      "version": "4.7.0",
      "resolved": "https://registry.npmjs.org/font-awesome/-/font-awesome-4.7.0.tgz",
      "integrity": "sha1-j6jPBBGhoxr9B7BtKQK7n8gVoTM="
    },
    "intro.js": {
      "version": "2.9.3",
      "resolved": "https://registry.npmjs.org/intro.js/-/intro.js-2.9.3.tgz",
      "integrity": "sha512-hC+EXWnEuJeA3CveGMat3XHePd2iaXNFJIVfvJh2E9IzBMGLTlhWvPIVHAgKlOpO4lNayCxEqzr4N02VmHFr9Q=="
    },
    "jquery": {
      "version": "3.5.0",
      "resolved": "https://registry.npmjs.org/jquery/-/jquery-3.5.0.tgz",
      "integrity": "sha512-Xb7SVYMvygPxbFMpTFQiHh1J7HClEaThguL15N/Gg37Lri/qKyhRGZYzHRyLH8Stq3Aow0LsHO2O2ci86fCrNQ=="
    },
    "popper.js": {
      "version": "1.16.1",
      "resolved": "https://registry.npmjs.org/popper.js/-/popper.js-1.16.1.tgz",
      "integrity": "sha512-Wb4p1J4zyFTbM+u6WuO4XstYx4Ky9Cewe4DWrel7B0w6VVICvPwdOpotjzcf6eD8TsckVnIMNONQyPIUFOUbCQ=="
    },
    "qrious": {
      "version": "4.0.2",
      "resolved": "https://registry.npmjs.org/qrious/-/qrious-4.0.2.tgz",
      "integrity": "sha512-xWPJIrK1zu5Ypn898fBp8RHkT/9ibquV2Kv24S/JY9VYEhMBMKur1gHVsOiNUh7PHP9uCgejjpZUHUIXXKoU/g=="
    },
    "toastr": {
      "version": "2.1.4",
      "resolved": "https://registry.npmjs.org/toastr/-/toastr-2.1.4.tgz",
      "integrity": "sha1-i0O+ZPudDEFIcURvLbjoyk6V8YE=",
      "requires": {
        "jquery": ">=1.12.0"
      }
    },
    "tslib": {
      "version": "1.10.0",
      "resolved": "https://registry.npmjs.org/tslib/-/tslib-1.10.0.tgz",
      "integrity": "sha512-qOebF53frne81cf0S9B41ByenJ3/IuH8yJKngAX35CmiZySA0khhkovshKK+jGCaMnVomla7gVlIcc3EvKPbTQ=="
    },
    "vue": {
      "version": "2.6.11",
      "resolved": "https://registry.npmjs.org/vue/-/vue-2.6.11.tgz",
      "integrity": "sha512-VfPwgcGABbGAue9+sfrD4PuwFar7gPb1yl1UK1MwXoQPAw0BKSqWfoYCT/ThFrdEVWoI51dBuyCoiNU9bZDZxQ=="
    }
  }
}
