{
  "name": "simplelogin",
  "version": "1.0.0",
  "lockfileVersion": 1,
  "requires": true,
  "dependencies": {
    "@sentry/browser": {
      "version": "5.19.1",
      "resolved": "https://registry.npmjs.org/@sentry/browser/-/browser-5.19.1.tgz",
      "integrity": "sha512-Aon5Nc2n8sIXKg6Xbr4RM3/Xs7vFpXksL56z3yIuGrmpCM8ToQ25/tQv8h+anYi72x5bn1npzaXB/NwU1Qwfhg==",
      "requires": {
        "@sentry/core": "5.19.1",
        "@sentry/types": "5.19.1",
        "@sentry/utils": "5.19.1",
        "tslib": "^1.9.3"
      }
    },
    "@sentry/core": {
      "version": "5.19.1",
      "resolved": "https://registry.npmjs.org/@sentry/core/-/core-5.19.1.tgz",
      "integrity": "sha512-BGGxjeT95Og/hloBhQXAVcndVXPmIU6drtF3oKRT12cBpiG965xEDEUwiJVvyb5MAvojdVEZBK2LURUFY/d7Zw==",
      "requires": {
        "@sentry/hub": "5.19.1",
        "@sentry/minimal": "5.19.1",
        "@sentry/types": "5.19.1",
        "@sentry/utils": "5.19.1",
        "tslib": "^1.9.3"
      }
    },
    "@sentry/hub": {
      "version": "5.19.1",
      "resolved": "https://registry.npmjs.org/@sentry/hub/-/hub-5.19.1.tgz",
      "integrity": "sha512-XjfbNGWVeDsP38alm5Cm08YPIw5Hu6HbPkw7a3y1piViTrg4HdtsE+ZJqq0YcURo2RTpg6Ks6coCS/zJxIPygQ==",
      "requires": {
        "@sentry/types": "5.19.1",
        "@sentry/utils": "5.19.1",
        "tslib": "^1.9.3"
      }
    },
    "@sentry/minimal": {
      "version": "5.19.1",
      "resolved": "https://registry.npmjs.org/@sentry/minimal/-/minimal-5.19.1.tgz",
      "integrity": "sha512-pgNfsaCroEsC8gv+NqmPTIkj4wyK6ZgYLV12IT4k2oJLkGyg45TSAKabyB7oEP5jsj8sRzm8tDomu8M4HpaCHg==",
      "requires": {
        "@sentry/hub": "5.19.1",
        "@sentry/types": "5.19.1",
        "tslib": "^1.9.3"
      }
    },
    "@sentry/types": {
      "version": "5.19.1",
      "resolved": "https://registry.npmjs.org/@sentry/types/-/types-5.19.1.tgz",
      "integrity": "sha512-M5MhTLnjqYFwxMwcFPBpBgYQqI9hCvtVuj/A+NvcBHpe7VWOXdn/Sys+zD6C76DWGFYQdw3OWCsZimP24dL8mA=="
    },
    "@sentry/utils": {
      "version": "5.19.1",
      "resolved": "https://registry.npmjs.org/@sentry/utils/-/utils-5.19.1.tgz",
      "integrity": "sha512-neUiNBnZSHjWTZWy2QV02EHTx1C2L3DBPzRXlh0ca5xrI7LMBLmhkHlhebn1E5ky3PW1teqZTgmh0jZoL99TEA==",
      "requires": {
        "@sentry/types": "5.19.1",
        "tslib": "^1.9.3"
      }
    },
    "bootbox": {
      "version": "5.4.0",
      "resolved": "https://registry.npmjs.org/bootbox/-/bootbox-5.4.0.tgz",
      "integrity": "sha512-GCPrDwZpJsUnqzrto3ZURVafypl13+DAyE3YZx5jR5EIoTDSyREPhr77hlCuPKvM6VvXR5Mh/34W3DYMC7JE9g==",
      "requires": {
        "bootstrap": "^4.4.0",
        "jquery": "^3.4.1",
        "popper.js": "^1.16.0"
      }
    },
    "bootstrap": {
      "version": "4.4.1",
      "resolved": "https://registry.npmjs.org/bootstrap/-/bootstrap-4.4.1.tgz",
      "integrity": "sha512-tbx5cHubwE6e2ZG7nqM3g/FZ5PQEDMWmMGNrCUBVRPHXTJaH7CBDdsLeu3eCh3B1tzAxTnAbtmrzvWEvT2NNEA=="
    },
    "font-awesome": {
      "version": "4.7.0",
      "resolved": "https://registry.npmjs.org/font-awesome/-/font-awesome-4.7.0.tgz",
      "integrity": "sha1-j6jPBBGhoxr9B7BtKQK7n8gVoTM="
    },
    "intro.js": {
      "version": "2.9.3",
      "resolved": "https://registry.npmjs.org/intro.js/-/intro.js-2.9.3.tgz",
      "integrity": "sha512-hC+EXWnEuJeA3CveGMat3XHePd2iaXNFJIVfvJh2E9IzBMGLTlhWvPIVHAgKlOpO4lNayCxEqzr4N02VmHFr9Q=="
    },
    "jquery": {
      "version": "3.5.1",
      "resolved": "https://registry.npmjs.org/jquery/-/jquery-3.5.1.tgz",
      "integrity": "sha512-XwIBPqcMn57FxfT+Go5pzySnm4KWkT1Tv7gjrpT1srtf8Weynl6R273VJ5GjkRb51IzMp5nbaPjJXMWeju2MKg=="
    },
    "multiple-select": {
      "version": "1.5.2",
      "resolved": "https://registry.npmjs.org/multiple-select/-/multiple-select-1.5.2.tgz",
      "integrity": "sha512-sTNNRrjnTtB1b1+HTKcjQ/mjWY7Gvigo9F3C/3oTQCTFEpYzwaRYFPRAOu2SogfA1hEfyJTXjyS1VAbanJMsmA=="
    },
    "popper.js": {
      "version": "1.16.1",
      "resolved": "https://registry.npmjs.org/popper.js/-/popper.js-1.16.1.tgz",
      "integrity": "sha512-Wb4p1J4zyFTbM+u6WuO4XstYx4Ky9Cewe4DWrel7B0w6VVICvPwdOpotjzcf6eD8TsckVnIMNONQyPIUFOUbCQ=="
    },
    "qrious": {
      "version": "4.0.2",
      "resolved": "https://registry.npmjs.org/qrious/-/qrious-4.0.2.tgz",
      "integrity": "sha512-xWPJIrK1zu5Ypn898fBp8RHkT/9ibquV2Kv24S/JY9VYEhMBMKur1gHVsOiNUh7PHP9uCgejjpZUHUIXXKoU/g=="
    },
    "toastr": {
      "version": "2.1.4",
      "resolved": "https://registry.npmjs.org/toastr/-/toastr-2.1.4.tgz",
      "integrity": "sha1-i0O+ZPudDEFIcURvLbjoyk6V8YE=",
      "requires": {
        "jquery": ">=1.12.0"
      }
    },
    "tslib": {
      "version": "1.13.0",
      "resolved": "https://registry.npmjs.org/tslib/-/tslib-1.13.0.tgz",
      "integrity": "sha512-i/6DQjL8Xf3be4K/E6Wgpekn5Qasl1usyw++dAA35Ue5orEn65VIxOA+YvNNl9HV3qv70T7CNwjODHZrLwvd1Q=="
    },
    "vue": {
      "version": "2.6.11",
      "resolved": "https://registry.npmjs.org/vue/-/vue-2.6.11.tgz",
      "integrity": "sha512-VfPwgcGABbGAue9+sfrD4PuwFar7gPb1yl1UK1MwXoQPAw0BKSqWfoYCT/ThFrdEVWoI51dBuyCoiNU9bZDZxQ=="
    }
  }
}
