{
  "name": "simplelogin",
  "version": "1.0.0",
  "lockfileVersion": 1,
  "requires": true,
  "dependencies": {
    "@sentry/browser": {
      "version": "5.27.3",
      "resolved": "https://registry.npmjs.org/@sentry/browser/-/browser-5.27.3.tgz",
      "integrity": "sha512-vczS+XTW4Nk2A7TIpAw8IVFHpp+NK6mV9euBG2I61Bs2QbQY9yKLfbjiln/yH2Q8X4THX6MKa0GuiPoCEeq3uw==",
      "requires": {
        "@sentry/core": "5.27.3",
        "@sentry/types": "5.27.3",
        "@sentry/utils": "5.27.3",
        "tslib": "^1.9.3"
      }
    },
    "@sentry/core": {
      "version": "5.27.3",
      "resolved": "https://registry.npmjs.org/@sentry/core/-/core-5.27.3.tgz",
      "integrity": "sha512-yqepQO88jSt5hy0awpk61AxI4oHB09LjVbUEk4nJDg+1YXuND23cuZvH+Sp2jCZX2vrsw2tefwflToYfA8/U2w==",
      "requires": {
        "@sentry/hub": "5.27.3",
        "@sentry/minimal": "5.27.3",
        "@sentry/types": "5.27.3",
        "@sentry/utils": "5.27.3",
        "tslib": "^1.9.3"
      }
    },
    "@sentry/hub": {
      "version": "5.27.3",
      "resolved": "https://registry.npmjs.org/@sentry/hub/-/hub-5.27.3.tgz",
      "integrity": "sha512-icEH3hr6NVQkpowXZcPOs9IgJZP5lMKtvud4mVioSpkd+NxtRdKrGEX4eF2TCviOJc9Md0mV4K+aL5Au7hxggQ==",
      "requires": {
        "@sentry/types": "5.27.3",
        "@sentry/utils": "5.27.3",
        "tslib": "^1.9.3"
      }
    },
    "@sentry/minimal": {
      "version": "5.27.3",
      "resolved": "https://registry.npmjs.org/@sentry/minimal/-/minimal-5.27.3.tgz",
      "integrity": "sha512-ng01cM0rsE1RMjqVTpPLN0ZVkTo0I675usM1krkpQe8ddW6tfQ6EJWpt02/BrpQZRQzTtfWp6/RyB1KFXg6icg==",
      "requires": {
        "@sentry/hub": "5.27.3",
        "@sentry/types": "5.27.3",
        "tslib": "^1.9.3"
      }
    },
    "@sentry/types": {
      "version": "5.27.3",
      "resolved": "https://registry.npmjs.org/@sentry/types/-/types-5.27.3.tgz",
      "integrity": "sha512-PkWhMArFMxBb1g3HtMEL8Ea9PYae2MU0z9CMIWiqzerFy2ZpKG98IU3pt8ic4JkmKQdwB8hDiZpRPMHhW0WYwQ=="
    },
    "@sentry/utils": {
      "version": "5.27.3",
      "resolved": "https://registry.npmjs.org/@sentry/utils/-/utils-5.27.3.tgz",
      "integrity": "sha512-R9WvFrRBALZvCzu/9BsuXBCfkNxz4MwdBNSXaBsJo4afQw1ljkjIc9DpHzlL9S9goIwXo81Buwmr5gGDO6aH+Q==",
      "requires": {
        "@sentry/types": "5.27.3",
        "tslib": "^1.9.3"
      }
    },
    "bootbox": {
      "version": "5.5.1",
      "resolved": "https://registry.npmjs.org/bootbox/-/bootbox-5.5.1.tgz",
      "integrity": "sha512-sAXwO4wgJipTrjAs77g3mCYdF59kxxPhQjG7rYPbHIp9AoAetPu77qvfJSBfmlezoEBdTs9ByfhOfb2W9IU7HQ==",
      "requires": {
        "bootstrap": "^4.4.0",
        "jquery": "^3.5.1",
        "popper.js": "^1.16.0"
      }
    },
    "bootstrap": {
      "version": "4.5.3",
      "resolved": "https://registry.npmjs.org/bootstrap/-/bootstrap-4.5.3.tgz",
      "integrity": "sha512-o9ppKQioXGqhw8Z7mah6KdTYpNQY//tipnkxppWhPbiSWdD+1raYsnhwEZjkTHYbGee4cVQ0Rx65EhOY/HNLcQ=="
    },
    "font-awesome": {
      "version": "4.7.0",
      "resolved": "https://registry.npmjs.org/font-awesome/-/font-awesome-4.7.0.tgz",
      "integrity": "sha1-j6jPBBGhoxr9B7BtKQK7n8gVoTM="
    },
    "intro.js": {
      "version": "2.9.3",
      "resolved": "https://registry.npmjs.org/intro.js/-/intro.js-2.9.3.tgz",
      "integrity": "sha512-hC+EXWnEuJeA3CveGMat3XHePd2iaXNFJIVfvJh2E9IzBMGLTlhWvPIVHAgKlOpO4lNayCxEqzr4N02VmHFr9Q=="
    },
    "jquery": {
      "version": "3.5.1",
      "resolved": "https://registry.npmjs.org/jquery/-/jquery-3.5.1.tgz",
      "integrity": "sha512-XwIBPqcMn57FxfT+Go5pzySnm4KWkT1Tv7gjrpT1srtf8Weynl6R273VJ5GjkRb51IzMp5nbaPjJXMWeju2MKg=="
    },
    "multiple-select": {
      "version": "1.5.2",
      "resolved": "https://registry.npmjs.org/multiple-select/-/multiple-select-1.5.2.tgz",
      "integrity": "sha512-sTNNRrjnTtB1b1+HTKcjQ/mjWY7Gvigo9F3C/3oTQCTFEpYzwaRYFPRAOu2SogfA1hEfyJTXjyS1VAbanJMsmA=="
    },
    "popper.js": {
      "version": "1.16.1",
      "resolved": "https://registry.npmjs.org/popper.js/-/popper.js-1.16.1.tgz",
      "integrity": "sha512-Wb4p1J4zyFTbM+u6WuO4XstYx4Ky9Cewe4DWrel7B0w6VVICvPwdOpotjzcf6eD8TsckVnIMNONQyPIUFOUbCQ=="
    },
    "qrious": {
      "version": "4.0.2",
      "resolved": "https://registry.npmjs.org/qrious/-/qrious-4.0.2.tgz",
      "integrity": "sha512-xWPJIrK1zu5Ypn898fBp8RHkT/9ibquV2Kv24S/JY9VYEhMBMKur1gHVsOiNUh7PHP9uCgejjpZUHUIXXKoU/g=="
    },
    "toastr": {
      "version": "2.1.4",
      "resolved": "https://registry.npmjs.org/toastr/-/toastr-2.1.4.tgz",
      "integrity": "sha1-i0O+ZPudDEFIcURvLbjoyk6V8YE=",
      "requires": {
        "jquery": ">=1.12.0"
      }
    },
    "tslib": {
      "version": "1.14.1",
      "resolved": "https://registry.npmjs.org/tslib/-/tslib-1.14.1.tgz",
      "integrity": "sha512-Xni35NKzjgMrwevysHTCArtLDpPvye8zV/0E4EyYn43P7/7qvQwPh9BGkHewbMulVntbigmcT7rdX3BNo9wRJg=="
    },
    "vue": {
      "version": "2.6.12",
      "resolved": "https://registry.npmjs.org/vue/-/vue-2.6.12.tgz",
      "integrity": "sha512-uhmLFETqPPNyuLLbsKz6ioJ4q7AZHzD8ZVFNATNyICSZouqP2Sz0rotWQC8UNBF6VGSCs5abnKJoStA6JbCbfg=="
    }
  }
}
